
Microsoft Visual Studio Solution File, Format Version 12.00
# Visual Studio Version 17
VisualStudioVersion = 17.5.33516.290
MinimumVisualStudioVersion = 10.0.40219.1
Project("{FAE04EC0-301F-11D3-BF4B-00C04F79EFBC}") = "Lyrics_Final_Proj", "Lyrics_Final_Proj\Lyrics_Final_Proj.csproj", "{99DA1CB5-7CCE-4EC9-A6E4-4487E0E71A0E}"
EndProject
Global
	GlobalSection(SolutionConfigurationPlatforms) = preSolution
		Debug|Any CPU = Debug|Any CPU
		Release|Any CPU = Release|Any CPU
	EndGlobalSection
	GlobalSection(ProjectConfigurationPlatforms) = postSolution
		{99DA1CB5-7CCE-4EC9-A6E4-4487E0E71A0E}.Debug|Any CPU.ActiveCfg = Debug|Any CPU
		{99DA1CB5-7CCE-4EC9-A6E4-4487E0E71A0E}.Debug|Any CPU.Build.0 = Debug|Any CPU
		{99DA1CB5-7CCE-4EC9-A6E4-4487E0E71A0E}.Release|Any CPU.ActiveCfg = Release|Any CPU
		{99DA1CB5-7CCE-4EC9-A6E4-4487E0E71A0E}.Release|Any CPU.Build.0 = Release|Any CPU
	EndGlobalSection
	GlobalSection(SolutionProperties) = preSolution
		HideSolutionNode = FALSE
	EndGlobalSection
	GlobalSection(ExtensibilityGlobals) = postSolution
		SolutionGuid = {3EC533DF-B9CF-47EC-B9C8-987894911F53}
	EndGlobalSection
EndGlobal
